// !$*UTF8*$!
{
	archiveVersion = 1;
	classes = {
	};
	objectVersion = 46;
	objects = {

/* Begin PBXBuildFile section */
		48A3CB4A17DD13120B5F3738 /* libPods-TestMe.a in Frameworks */ = {isa = PBXBuildFile; fileRef = C4CC3119AA735844F92918CC /* libPods-TestMe.a */; };
		D93BD1341F781FFC0047CA83 /* default.realm in Resources */ = {isa = PBXBuildFile; fileRef = D93BD1301F781FFC0047CA83 /* default.realm */; };
		D93BD1351F781FFC0047CA83 /* default.realm.lock in Resources */ = {isa = PBXBuildFile; fileRef = D93BD1311F781FFC0047CA83 /* default.realm.lock */; };
		D93BD1361F781FFC0047CA83 /* realmexaple.realm in Resources */ = {isa = PBXBuildFile; fileRef = D93BD1321F781FFC0047CA83 /* realmexaple.realm */; };
		D93BD1371F781FFC0047CA83 /* realmexaple.realm.lock in Resources */ = {isa = PBXBuildFile; fileRef = D93BD1331F781FFC0047CA83 /* realmexaple.realm.lock */; };
		D93BD15E1F78200A0047CA83 /* AnswersInputViewController.m in Sources */ = {isa = PBXBuildFile; fileRef = D93BD13B1F78200A0047CA83 /* AnswersInputViewController.m */; };
		D93BD15F1F78200A0047CA83 /* CategoryInputViewController.m in Sources */ = {isa = PBXBuildFile; fileRef = D93BD13D1F78200A0047CA83 /* CategoryInputViewController.m */; };
		D93BD1601F78200A0047CA83 /* TestFillingViewController.m in Sources */ = {isa = PBXBuildFile; fileRef = D93BD13F1F78200A0047CA83 /* TestFillingViewController.m */; };
		D93BD1611F78200A0047CA83 /* TestInsertionViewController.m in Sources */ = {isa = PBXBuildFile; fileRef = D93BD1411F78200A0047CA83 /* TestInsertionViewController.m */; };
		D93BD1621F78200A0047CA83 /* TestQuestionInputViewController.m in Sources */ = {isa = PBXBuildFile; fileRef = D93BD1431F78200A0047CA83 /* TestQuestionInputViewController.m */; };
		D93BD1631F78200A0047CA83 /* ChoiceTableViewCell.m in Sources */ = {isa = PBXBuildFile; fileRef = D93BD1461F78200A0047CA83 /* ChoiceTableViewCell.m */; };
		D93BD1641F78200A0047CA83 /* LoveCell.m in Sources */ = {isa = PBXBuildFile; fileRef = D93BD1481F78200A0047CA83 /* LoveCell.m */; };
		D93BD1651F78200A0047CA83 /* SubCategoryCell.m in Sources */ = {isa = PBXBuildFile; fileRef = D93BD14A1F78200A0047CA83 /* SubCategoryCell.m */; };
		D93BD1661F78200A0047CA83 /* TestCategoryCell.m in Sources */ = {isa = PBXBuildFile; fileRef = D93BD14C1F78200A0047CA83 /* TestCategoryCell.m */; };
		D93BD1671F78200A0047CA83 /* TestFillTableViewCell.m in Sources */ = {isa = PBXBuildFile; fileRef = D93BD14E1F78200A0047CA83 /* TestFillTableViewCell.m */; };
		D93BD1681F78200A0047CA83 /* AnswerViewController.m in Sources */ = {isa = PBXBuildFile; fileRef = D93BD1511F78200A0047CA83 /* AnswerViewController.m */; };
		D93BD1691F78200A0047CA83 /* HomeViewController.m in Sources */ = {isa = PBXBuildFile; fileRef = D93BD1531F78200A0047CA83 /* HomeViewController.m */; };
		D93BD16A1F78200A0047CA83 /* LoginViewController.m in Sources */ = {isa = PBXBuildFile; fileRef = D93BD1551F78200A0047CA83 /* LoginViewController.m */; };
		D93BD16B1F78200A0047CA83 /* LoveViewController.m in Sources */ = {isa = PBXBuildFile; fileRef = D93BD1571F78200A0047CA83 /* LoveViewController.m */; };
		D93BD16C1F78200A0047CA83 /* TestSubCategoryViewController.m in Sources */ = {isa = PBXBuildFile; fileRef = D93BD1591F78200A0047CA83 /* TestSubCategoryViewController.m */; };
		D93BD16D1F78200A0047CA83 /* ViewController.m in Sources */ = {isa = PBXBuildFile; fileRef = D93BD15B1F78200A0047CA83 /* ViewController.m */; };
		D93BD16E1F78200A0047CA83 /* UIColor+Utility.m in Sources */ = {isa = PBXBuildFile; fileRef = D93BD15D1F78200A0047CA83 /* UIColor+Utility.m */; };
		D93BD17C1F7820150047CA83 /* TestCalculation.m in Sources */ = {isa = PBXBuildFile; fileRef = D93BD1721F7820150047CA83 /* TestCalculation.m */; };
		D93BD17D1F7820150047CA83 /* Answer.m in Sources */ = {isa = PBXBuildFile; fileRef = D93BD1751F7820150047CA83 /* Answer.m */; };
		D93BD17E1F7820150047CA83 /* Choice.m in Sources */ = {isa = PBXBuildFile; fileRef = D93BD1771F7820150047CA83 /* Choice.m */; };
		D93BD17F1F7820150047CA83 /* Question.m in Sources */ = {isa = PBXBuildFile; fileRef = D93BD1791F7820150047CA83 /* Question.m */; };
		D93BD1801F7820150047CA83 /* RLMTestPackage.m in Sources */ = {isa = PBXBuildFile; fileRef = D93BD17B1F7820150047CA83 /* RLMTestPackage.m */; };
		D95816DA1EA7C7620059CC51 /* main.m in Sources */ = {isa = PBXBuildFile; fileRef = D95816D91EA7C7620059CC51 /* main.m */; };
		D95816DD1EA7C7620059CC51 /* AppDelegate.m in Sources */ = {isa = PBXBuildFile; fileRef = D95816DC1EA7C7620059CC51 /* AppDelegate.m */; };
		D95816E31EA7C7620059CC51 /* Main.storyboard in Resources */ = {isa = PBXBuildFile; fileRef = D95816E11EA7C7620059CC51 /* Main.storyboard */; };
		D95816E61EA7C7620059CC51 /* TestMe.xcdatamodeld in Sources */ = {isa = PBXBuildFile; fileRef = D95816E41EA7C7620059CC51 /* TestMe.xcdatamodeld */; };
		D95816E81EA7C7620059CC51 /* Assets.xcassets in Resources */ = {isa = PBXBuildFile; fileRef = D95816E71EA7C7620059CC51 /* Assets.xcassets */; };
		D95816EB1EA7C7620059CC51 /* LaunchScreen.storyboard in Resources */ = {isa = PBXBuildFile; fileRef = D95816E91EA7C7620059CC51 /* LaunchScreen.storyboard */; };
/* End PBXBuildFile section */

/* Begin PBXFileReference section */
		6D8B1E03A0D3227948E08C16 /* Pods-TestMe.debug.xcconfig */ = {isa = PBXFileReference; includeInIndex = 1; lastKnownFileType = text.xcconfig; name = "Pods-TestMe.debug.xcconfig"; path = "Pods/Target Support Files/Pods-TestMe/Pods-TestMe.debug.xcconfig"; sourceTree = "<group>"; };
		92BD848488CF9A2492462BBC /* Pods-TestMe.release.xcconfig */ = {isa = PBXFileReference; includeInIndex = 1; lastKnownFileType = text.xcconfig; name = "Pods-TestMe.release.xcconfig"; path = "Pods/Target Support Files/Pods-TestMe/Pods-TestMe.release.xcconfig"; sourceTree = "<group>"; };
		C4CC3119AA735844F92918CC /* libPods-TestMe.a */ = {isa = PBXFileReference; explicitFileType = archive.ar; includeInIndex = 0; path = "libPods-TestMe.a"; sourceTree = BUILT_PRODUCTS_DIR; };
		D93BD1301F781FFC0047CA83 /* default.realm */ = {isa = PBXFileReference; lastKnownFileType = file; path = default.realm; sourceTree = "<group>"; };
		D93BD1311F781FFC0047CA83 /* default.realm.lock */ = {isa = PBXFileReference; lastKnownFileType = file; path = default.realm.lock; sourceTree = "<group>"; };
		D93BD1321F781FFC0047CA83 /* realmexaple.realm */ = {isa = PBXFileReference; lastKnownFileType = file; path = realmexaple.realm; sourceTree = "<group>"; };
		D93BD1331F781FFC0047CA83 /* realmexaple.realm.lock */ = {isa = PBXFileReference; lastKnownFileType = file; path = realmexaple.realm.lock; sourceTree = "<group>"; };
		D93BD13A1F78200A0047CA83 /* AnswersInputViewController.h */ = {isa = PBXFileReference; fileEncoding = 4; lastKnownFileType = sourcecode.c.h; path = AnswersInputViewController.h; sourceTree = "<group>"; };
		D93BD13B1F78200A0047CA83 /* AnswersInputViewController.m */ = {isa = PBXFileReference; fileEncoding = 4; lastKnownFileType = sourcecode.c.objc; path = AnswersInputViewController.m; sourceTree = "<group>"; };
		D93BD13C1F78200A0047CA83 /* CategoryInputViewController.h */ = {isa = PBXFileReference; fileEncoding = 4; lastKnownFileType = sourcecode.c.h; path = CategoryInputViewController.h; sourceTree = "<group>"; };
		D93BD13D1F78200A0047CA83 /* CategoryInputViewController.m */ = {isa = PBXFileReference; fileEncoding = 4; lastKnownFileType = sourcecode.c.objc; path = CategoryInputViewController.m; sourceTree = "<group>"; };
		D93BD13E1F78200A0047CA83 /* TestFillingViewController.h */ = {isa = PBXFileReference; fileEncoding = 4; lastKnownFileType = sourcecode.c.h; path = TestFillingViewController.h; sourceTree = "<group>"; };
		D93BD13F1F78200A0047CA83 /* TestFillingViewController.m */ = {isa = PBXFileReference; fileEncoding = 4; lastKnownFileType = sourcecode.c.objc; path = TestFillingViewController.m; sourceTree = "<group>"; };
		D93BD1401F78200A0047CA83 /* TestInsertionViewController.h */ = {isa = PBXFileReference; fileEncoding = 4; lastKnownFileType = sourcecode.c.h; path = TestInsertionViewController.h; sourceTree = "<group>"; };
		D93BD1411F78200A0047CA83 /* TestInsertionViewController.m */ = {isa = PBXFileReference; fileEncoding = 4; lastKnownFileType = sourcecode.c.objc; path = TestInsertionViewController.m; sourceTree = "<group>"; };
		D93BD1421F78200A0047CA83 /* TestQuestionInputViewController.h */ = {isa = PBXFileReference; fileEncoding = 4; lastKnownFileType = sourcecode.c.h; path = TestQuestionInputViewController.h; sourceTree = "<group>"; };
		D93BD1431F78200A0047CA83 /* TestQuestionInputViewController.m */ = {isa = PBXFileReference; fileEncoding = 4; lastKnownFileType = sourcecode.c.objc; path = TestQuestionInputViewController.m; sourceTree = "<group>"; };
		D93BD1451F78200A0047CA83 /* ChoiceTableViewCell.h */ = {isa = PBXFileReference; fileEncoding = 4; lastKnownFileType = sourcecode.c.h; path = ChoiceTableViewCell.h; sourceTree = "<group>"; };
		D93BD1461F78200A0047CA83 /* ChoiceTableViewCell.m */ = {isa = PBXFileReference; fileEncoding = 4; lastKnownFileType = sourcecode.c.objc; path = ChoiceTableViewCell.m; sourceTree = "<group>"; };
		D93BD1471F78200A0047CA83 /* LoveCell.h */ = {isa = PBXFileReference; fileEncoding = 4; lastKnownFileType = sourcecode.c.h; path = LoveCell.h; sourceTree = "<group>"; };
		D93BD1481F78200A0047CA83 /* LoveCell.m */ = {isa = PBXFileReference; fileEncoding = 4; lastKnownFileType = sourcecode.c.objc; path = LoveCell.m; sourceTree = "<group>"; };
		D93BD1491F78200A0047CA83 /* SubCategoryCell.h */ = {isa = PBXFileReference; fileEncoding = 4; lastKnownFileType = sourcecode.c.h; path = SubCategoryCell.h; sourceTree = "<group>"; };
		D93BD14A1F78200A0047CA83 /* SubCategoryCell.m */ = {isa = PBXFileReference; fileEncoding = 4; lastKnownFileType = sourcecode.c.objc; path = SubCategoryCell.m; sourceTree = "<group>"; };
		D93BD14B1F78200A0047CA83 /* TestCategoryCell.h */ = {isa = PBXFileReference; fileEncoding = 4; lastKnownFileType = sourcecode.c.h; path = TestCategoryCell.h; sourceTree = "<group>"; };
		D93BD14C1F78200A0047CA83 /* TestCategoryCell.m */ = {isa = PBXFileReference; fileEncoding = 4; lastKnownFileType = sourcecode.c.objc; path = TestCategoryCell.m; sourceTree = "<group>"; };
		D93BD14D1F78200A0047CA83 /* TestFillTableViewCell.h */ = {isa = PBXFileReference; fileEncoding = 4; lastKnownFileType = sourcecode.c.h; path = TestFillTableViewCell.h; sourceTree = "<group>"; };
		D93BD14E1F78200A0047CA83 /* TestFillTableViewCell.m */ = {isa = PBXFileReference; fileEncoding = 4; lastKnownFileType = sourcecode.c.objc; path = TestFillTableViewCell.m; sourceTree = "<group>"; };
		D93BD1501F78200A0047CA83 /* AnswerViewController.h */ = {isa = PBXFileReference; fileEncoding = 4; lastKnownFileType = sourcecode.c.h; path = AnswerViewController.h; sourceTree = "<group>"; };
		D93BD1511F78200A0047CA83 /* AnswerViewController.m */ = {isa = PBXFileReference; fileEncoding = 4; lastKnownFileType = sourcecode.c.objc; path = AnswerViewController.m; sourceTree = "<group>"; };
		D93BD1521F78200A0047CA83 /* HomeViewController.h */ = {isa = PBXFileReference; fileEncoding = 4; lastKnownFileType = sourcecode.c.h; path = HomeViewController.h; sourceTree = "<group>"; };
		D93BD1531F78200A0047CA83 /* HomeViewController.m */ = {isa = PBXFileReference; fileEncoding = 4; lastKnownFileType = sourcecode.c.objc; path = HomeViewController.m; sourceTree = "<group>"; };
		D93BD1541F78200A0047CA83 /* LoginViewController.h */ = {isa = PBXFileReference; fileEncoding = 4; lastKnownFileType = sourcecode.c.h; path = LoginViewController.h; sourceTree = "<group>"; };
		D93BD1551F78200A0047CA83 /* LoginViewController.m */ = {isa = PBXFileReference; fileEncoding = 4; lastKnownFileType = sourcecode.c.objc; path = LoginViewController.m; sourceTree = "<group>"; };
		D93BD1561F78200A0047CA83 /* LoveViewController.h */ = {isa = PBXFileReference; fileEncoding = 4; lastKnownFileType = sourcecode.c.h; path = LoveViewController.h; sourceTree = "<group>"; };
		D93BD1571F78200A0047CA83 /* LoveViewController.m */ = {isa = PBXFileReference; fileEncoding = 4; lastKnownFileType = sourcecode.c.objc; path = LoveViewController.m; sourceTree = "<group>"; };
		D93BD1581F78200A0047CA83 /* TestSubCategoryViewController.h */ = {isa = PBXFileReference; fileEncoding = 4; lastKnownFileType = sourcecode.c.h; path = TestSubCategoryViewController.h; sourceTree = "<group>"; };
		D93BD1591F78200A0047CA83 /* TestSubCategoryViewController.m */ = {isa = PBXFileReference; fileEncoding = 4; lastKnownFileType = sourcecode.c.objc; path = TestSubCategoryViewController.m; sourceTree = "<group>"; };
		D93BD15A1F78200A0047CA83 /* ViewController.h */ = {isa = PBXFileReference; fileEncoding = 4; lastKnownFileType = sourcecode.c.h; path = ViewController.h; sourceTree = "<group>"; };
		D93BD15B1F78200A0047CA83 /* ViewController.m */ = {isa = PBXFileReference; fileEncoding = 4; lastKnownFileType = sourcecode.c.objc; path = ViewController.m; sourceTree = "<group>"; };
		D93BD15C1F78200A0047CA83 /* UIColor+Utility.h */ = {isa = PBXFileReference; fileEncoding = 4; lastKnownFileType = sourcecode.c.h; path = "UIColor+Utility.h"; sourceTree = "<group>"; };
		D93BD15D1F78200A0047CA83 /* UIColor+Utility.m */ = {isa = PBXFileReference; fileEncoding = 4; lastKnownFileType = sourcecode.c.objc; path = "UIColor+Utility.m"; sourceTree = "<group>"; };
		D93BD1711F7820150047CA83 /* TestCalculation.h */ = {isa = PBXFileReference; fileEncoding = 4; lastKnownFileType = sourcecode.c.h; path = TestCalculation.h; sourceTree = "<group>"; };
		D93BD1721F7820150047CA83 /* TestCalculation.m */ = {isa = PBXFileReference; fileEncoding = 4; lastKnownFileType = sourcecode.c.objc; path = TestCalculation.m; sourceTree = "<group>"; };
		D93BD1741F7820150047CA83 /* Answer.h */ = {isa = PBXFileReference; fileEncoding = 4; lastKnownFileType = sourcecode.c.h; path = Answer.h; sourceTree = "<group>"; };
		D93BD1751F7820150047CA83 /* Answer.m */ = {isa = PBXFileReference; fileEncoding = 4; lastKnownFileType = sourcecode.c.objc; path = Answer.m; sourceTree = "<group>"; };
		D93BD1761F7820150047CA83 /* Choice.h */ = {isa = PBXFileReference; fileEncoding = 4; lastKnownFileType = sourcecode.c.h; path = Choice.h; sourceTree = "<group>"; };
		D93BD1771F7820150047CA83 /* Choice.m */ = {isa = PBXFileReference; fileEncoding = 4; lastKnownFileType = sourcecode.c.objc; path = Choice.m; sourceTree = "<group>"; };
		D93BD1781F7820150047CA83 /* Question.h */ = {isa = PBXFileReference; fileEncoding = 4; lastKnownFileType = sourcecode.c.h; path = Question.h; sourceTree = "<group>"; };
		D93BD1791F7820150047CA83 /* Question.m */ = {isa = PBXFileReference; fileEncoding = 4; lastKnownFileType = sourcecode.c.objc; path = Question.m; sourceTree = "<group>"; };
		D93BD17A1F7820150047CA83 /* RLMTestPackage.h */ = {isa = PBXFileReference; fileEncoding = 4; lastKnownFileType = sourcecode.c.h; path = RLMTestPackage.h; sourceTree = "<group>"; };
		D93BD17B1F7820150047CA83 /* RLMTestPackage.m */ = {isa = PBXFileReference; fileEncoding = 4; lastKnownFileType = sourcecode.c.objc; path = RLMTestPackage.m; sourceTree = "<group>"; };
		D95816D51EA7C7620059CC51 /* TestMe.app */ = {isa = PBXFileReference; explicitFileType = wrapper.application; includeInIndex = 0; path = TestMe.app; sourceTree = BUILT_PRODUCTS_DIR; };
		D95816D91EA7C7620059CC51 /* main.m */ = {isa = PBXFileReference; lastKnownFileType = sourcecode.c.objc; path = main.m; sourceTree = "<group>"; };
		D95816DB1EA7C7620059CC51 /* AppDelegate.h */ = {isa = PBXFileReference; lastKnownFileType = sourcecode.c.h; path = AppDelegate.h; sourceTree = "<group>"; };
		D95816DC1EA7C7620059CC51 /* AppDelegate.m */ = {isa = PBXFileReference; lastKnownFileType = sourcecode.c.objc; path = AppDelegate.m; sourceTree = "<group>"; };
		D95816E21EA7C7620059CC51 /* Base */ = {isa = PBXFileReference; lastKnownFileType = file.storyboard; name = Base; path = Base.lproj/Main.storyboard; sourceTree = "<group>"; };
		D95816E51EA7C7620059CC51 /* TestMe.xcdatamodel */ = {isa = PBXFileReference; lastKnownFileType = wrapper.xcdatamodel; path = TestMe.xcdatamodel; sourceTree = "<group>"; };
		D95816E71EA7C7620059CC51 /* Assets.xcassets */ = {isa = PBXFileReference; lastKnownFileType = folder.assetcatalog; path = Assets.xcassets; sourceTree = "<group>"; };
		D95816EA1EA7C7620059CC51 /* Base */ = {isa = PBXFileReference; lastKnownFileType = file.storyboard; name = Base; path = Base.lproj/LaunchScreen.storyboard; sourceTree = "<group>"; };
		D95816EC1EA7C7620059CC51 /* Info.plist */ = {isa = PBXFileReference; lastKnownFileType = text.plist.xml; path = Info.plist; sourceTree = "<group>"; };
/* End PBXFileReference section */

/* Begin PBXFrameworksBuildPhase section */
		D95816D21EA7C7620059CC51 /* Frameworks */ = {
			isa = PBXFrameworksBuildPhase;
			buildActionMask = 2147483647;
			files = (
				48A3CB4A17DD13120B5F3738 /* libPods-TestMe.a in Frameworks */,
			);
			runOnlyForDeploymentPostprocessing = 0;
		};
/* End PBXFrameworksBuildPhase section */

/* Begin PBXGroup section */
		43F7FA500C59E353D289D71D /* Pods */ = {
			isa = PBXGroup;
			children = (
				6D8B1E03A0D3227948E08C16 /* Pods-TestMe.debug.xcconfig */,
				92BD848488CF9A2492462BBC /* Pods-TestMe.release.xcconfig */,
			);
			name = Pods;
			sourceTree = "<group>";
		};
		4A43FC0BD394BD251C06E2BA /* Frameworks */ = {
			isa = PBXGroup;
			children = (
				C4CC3119AA735844F92918CC /* libPods-TestMe.a */,
			);
			name = Frameworks;
			sourceTree = "<group>";
		};
		D93BD12F1F781FFC0047CA83 /* Model */ = {
			isa = PBXGroup;
			children = (
				D93BD1301F781FFC0047CA83 /* default.realm */,
				D93BD1311F781FFC0047CA83 /* default.realm.lock */,
				D93BD1321F781FFC0047CA83 /* realmexaple.realm */,
				D93BD1331F781FFC0047CA83 /* realmexaple.realm.lock */,
			);
			path = Model;
			sourceTree = "<group>";
		};
		D93BD1381F78200A0047CA83 /* View */ = {
			isa = PBXGroup;
			children = (
				D93BD1391F78200A0047CA83 /* Admin Controllers */,
				D93BD1441F78200A0047CA83 /* Cells */,
				D93BD14F1F78200A0047CA83 /* Test Controllers */,
				D93BD15C1F78200A0047CA83 /* UIColor+Utility.h */,
				D93BD15D1F78200A0047CA83 /* UIColor+Utility.m */,
			);
			name = View;
			path = Model/View;
			sourceTree = "<group>";
		};
		D93BD1391F78200A0047CA83 /* Admin Controllers */ = {
			isa = PBXGroup;
			children = (
				D93BD13A1F78200A0047CA83 /* AnswersInputViewController.h */,
				D93BD13B1F78200A0047CA83 /* AnswersInputViewController.m */,
				D93BD13C1F78200A0047CA83 /* CategoryInputViewController.h */,
				D93BD13D1F78200A0047CA83 /* CategoryInputViewController.m */,
				D93BD13E1F78200A0047CA83 /* TestFillingViewController.h */,
				D93BD13F1F78200A0047CA83 /* TestFillingViewController.m */,
				D93BD1401F78200A0047CA83 /* TestInsertionViewController.h */,
				D93BD1411F78200A0047CA83 /* TestInsertionViewController.m */,
				D93BD1421F78200A0047CA83 /* TestQuestionInputViewController.h */,
				D93BD1431F78200A0047CA83 /* TestQuestionInputViewController.m */,
			);
			path = "Admin Controllers";
			sourceTree = "<group>";
		};
		D93BD1441F78200A0047CA83 /* Cells */ = {
			isa = PBXGroup;
			children = (
				D93BD1451F78200A0047CA83 /* ChoiceTableViewCell.h */,
				D93BD1461F78200A0047CA83 /* ChoiceTableViewCell.m */,
				D93BD1471F78200A0047CA83 /* LoveCell.h */,
				D93BD1481F78200A0047CA83 /* LoveCell.m */,
				D93BD1491F78200A0047CA83 /* SubCategoryCell.h */,
				D93BD14A1F78200A0047CA83 /* SubCategoryCell.m */,
				D93BD14B1F78200A0047CA83 /* TestCategoryCell.h */,
				D93BD14C1F78200A0047CA83 /* TestCategoryCell.m */,
				D93BD14D1F78200A0047CA83 /* TestFillTableViewCell.h */,
				D93BD14E1F78200A0047CA83 /* TestFillTableViewCell.m */,
			);
			path = Cells;
			sourceTree = "<group>";
		};
		D93BD14F1F78200A0047CA83 /* Test Controllers */ = {
			isa = PBXGroup;
			children = (
				D93BD1501F78200A0047CA83 /* AnswerViewController.h */,
				D93BD1511F78200A0047CA83 /* AnswerViewController.m */,
				D93BD1521F78200A0047CA83 /* HomeViewController.h */,
				D93BD1531F78200A0047CA83 /* HomeViewController.m */,
				D93BD1541F78200A0047CA83 /* LoginViewController.h */,
				D93BD1551F78200A0047CA83 /* LoginViewController.m */,
				D93BD1561F78200A0047CA83 /* LoveViewController.h */,
				D93BD1571F78200A0047CA83 /* LoveViewController.m */,
				D93BD1581F78200A0047CA83 /* TestSubCategoryViewController.h */,
				D93BD1591F78200A0047CA83 /* TestSubCategoryViewController.m */,
				D93BD15A1F78200A0047CA83 /* ViewController.h */,
				D93BD15B1F78200A0047CA83 /* ViewController.m */,
			);
			path = "Test Controllers";
			sourceTree = "<group>";
		};
		D93BD16F1F7820150047CA83 /* Controller */ = {
			isa = PBXGroup;
			children = (
				D93BD1701F7820150047CA83 /* Logic */,
				D93BD1731F7820150047CA83 /* RLMObjects */,
			);
			path = Controller;
			sourceTree = "<group>";
		};
		D93BD1701F7820150047CA83 /* Logic */ = {
			isa = PBXGroup;
			children = (
				D93BD1711F7820150047CA83 /* TestCalculation.h */,
				D93BD1721F7820150047CA83 /* TestCalculation.m */,
			);
			path = Logic;
			sourceTree = "<group>";
		};
		D93BD1731F7820150047CA83 /* RLMObjects */ = {
			isa = PBXGroup;
			children = (
				D93BD1741F7820150047CA83 /* Answer.h */,
				D93BD1751F7820150047CA83 /* Answer.m */,
				D93BD1761F7820150047CA83 /* Choice.h */,
				D93BD1771F7820150047CA83 /* Choice.m */,
				D93BD1781F7820150047CA83 /* Question.h */,
				D93BD1791F7820150047CA83 /* Question.m */,
				D93BD17A1F7820150047CA83 /* RLMTestPackage.h */,
				D93BD17B1F7820150047CA83 /* RLMTestPackage.m */,
			);
			path = RLMObjects;
			sourceTree = "<group>";
		};
		D95816CC1EA7C7620059CC51 = {
			isa = PBXGroup;
			children = (
				D95816D71EA7C7620059CC51 /* TestMe */,
				D95816D61EA7C7620059CC51 /* Products */,
				43F7FA500C59E353D289D71D /* Pods */,
				4A43FC0BD394BD251C06E2BA /* Frameworks */,
			);
			sourceTree = "<group>";
		};
		D95816D61EA7C7620059CC51 /* Products */ = {
			isa = PBXGroup;
			children = (
				D95816D51EA7C7620059CC51 /* TestMe.app */,
			);
			name = Products;
			sourceTree = "<group>";
		};
		D95816D71EA7C7620059CC51 /* TestMe */ = {
			isa = PBXGroup;
			children = (
				D93BD16F1F7820150047CA83 /* Controller */,
				D93BD1381F78200A0047CA83 /* View */,
				D93BD12F1F781FFC0047CA83 /* Model */,
				D95816DB1EA7C7620059CC51 /* AppDelegate.h */,
				D95816DC1EA7C7620059CC51 /* AppDelegate.m */,
				D95816E11EA7C7620059CC51 /* Main.storyboard */,
				D95816E71EA7C7620059CC51 /* Assets.xcassets */,
				D95816E91EA7C7620059CC51 /* LaunchScreen.storyboard */,
				D95816EC1EA7C7620059CC51 /* Info.plist */,
				D95816E41EA7C7620059CC51 /* TestMe.xcdatamodeld */,
				D95816D81EA7C7620059CC51 /* Supporting Files */,
			);
			path = TestMe;
			sourceTree = "<group>";
		};
		D95816D81EA7C7620059CC51 /* Supporting Files */ = {
			isa = PBXGroup;
			children = (
				D95816D91EA7C7620059CC51 /* main.m */,
			);
			name = "Supporting Files";
			sourceTree = "<group>";
		};
/* End PBXGroup section */

/* Begin PBXNativeTarget section */
		D95816D41EA7C7620059CC51 /* TestMe */ = {
			isa = PBXNativeTarget;
			buildConfigurationList = D95816EF1EA7C7620059CC51 /* Build configuration list for PBXNativeTarget "TestMe" */;
			buildPhases = (
				85A177D4FED8D07994456F89 /* [CP] Check Pods Manifest.lock */,
				D95816D11EA7C7620059CC51 /* Sources */,
				D95816D21EA7C7620059CC51 /* Frameworks */,
				D95816D31EA7C7620059CC51 /* Resources */,
				24E3C36356A5A8A6691C9189 /* [CP] Embed Pods Frameworks */,
				F670866CA05A1B85AC34C7AA /* [CP] Copy Pods Resources */,
			);
			buildRules = (
			);
			dependencies = (
			);
			name = TestMe;
			productName = TestMe;
			productReference = D95816D51EA7C7620059CC51 /* TestMe.app */;
			productType = "com.apple.product-type.application";
		};
/* End PBXNativeTarget section */

/* Begin PBXProject section */
		D95816CD1EA7C7620059CC51 /* Project object */ = {
			isa = PBXProject;
			attributes = {
				LastUpgradeCheck = 0830;
				ORGANIZATIONNAME = AVH;
				TargetAttributes = {
					D95816D41EA7C7620059CC51 = {
						CreatedOnToolsVersion = 8.0;
						DevelopmentTeam = MBY5GUBKXK;
						ProvisioningStyle = Automatic;
					};
				};
			};
			buildConfigurationList = D95816D01EA7C7620059CC51 /* Build configuration list for PBXProject "TestMe" */;
			compatibilityVersion = "Xcode 3.2";
			developmentRegion = English;
			hasScannedForEncodings = 0;
			knownRegions = (
				en,
				Base,
			);
			mainGroup = D95816CC1EA7C7620059CC51;
			productRefGroup = D95816D61EA7C7620059CC51 /* Products */;
			projectDirPath = "";
			projectRoot = "";
			targets = (
				D95816D41EA7C7620059CC51 /* TestMe */,
			);
		};
/* End PBXProject section */

/* Begin PBXResourcesBuildPhase section */
		D95816D31EA7C7620059CC51 /* Resources */ = {
			isa = PBXResourcesBuildPhase;
			buildActionMask = 2147483647;
			files = (
				D93BD1361F781FFC0047CA83 /* realmexaple.realm in Resources */,
				D95816EB1EA7C7620059CC51 /* LaunchScreen.storyboard in Resources */,
				D95816E81EA7C7620059CC51 /* Assets.xcassets in Resources */,
				D95816E31EA7C7620059CC51 /* Main.storyboard in Resources */,
				D93BD1341F781FFC0047CA83 /* default.realm in Resources */,
				D93BD1371F781FFC0047CA83 /* realmexaple.realm.lock in Resources */,
				D93BD1351F781FFC0047CA83 /* default.realm.lock in Resources */,
			);
			runOnlyForDeploymentPostprocessing = 0;
		};
/* End PBXResourcesBuildPhase section */

/* Begin PBXShellScriptBuildPhase section */
		24E3C36356A5A8A6691C9189 /* [CP] Embed Pods Frameworks */ = {
			isa = PBXShellScriptBuildPhase;
			buildActionMask = 2147483647;
			files = (
			);
			inputPaths = (
			);
			name = "[CP] Embed Pods Frameworks";
			outputPaths = (
			);
			runOnlyForDeploymentPostprocessing = 0;
			shellPath = /bin/sh;
			shellScript = "\"${SRCROOT}/Pods/Target Support Files/Pods-TestMe/Pods-TestMe-frameworks.sh\"\n";
			showEnvVarsInLog = 0;
		};
		85A177D4FED8D07994456F89 /* [CP] Check Pods Manifest.lock */ = {
			isa = PBXShellScriptBuildPhase;
			buildActionMask = 2147483647;
			files = (
			);
			inputPaths = (
			);
			name = "[CP] Check Pods Manifest.lock";
			outputPaths = (
			);
			runOnlyForDeploymentPostprocessing = 0;
			shellPath = /bin/sh;
			shellScript = "diff \"${PODS_ROOT}/../Podfile.lock\" \"${PODS_ROOT}/Manifest.lock\" > /dev/null\nif [ $? != 0 ] ; then\n    # print error to STDERR\n    echo \"error: The sandbox is not in sync with the Podfile.lock. Run 'pod install' or update your CocoaPods installation.\" >&2\n    exit 1\nfi\n";
			showEnvVarsInLog = 0;
		};
		F670866CA05A1B85AC34C7AA /* [CP] Copy Pods Resources */ = {
			isa = PBXShellScriptBuildPhase;
			buildActionMask = 2147483647;
			files = (
			);
			inputPaths = (
			);
			name = "[CP] Copy Pods Resources";
			outputPaths = (
			);
			runOnlyForDeploymentPostprocessing = 0;
			shellPath = /bin/sh;
			shellScript = "\"${SRCROOT}/Pods/Target Support Files/Pods-TestMe/Pods-TestMe-resources.sh\"\n";
			showEnvVarsInLog = 0;
		};
/* End PBXShellScriptBuildPhase section */

/* Begin PBXSourcesBuildPhase section */
		D95816D11EA7C7620059CC51 /* Sources */ = {
			isa = PBXSourcesBuildPhase;
			buildActionMask = 2147483647;
			files = (
				D93BD1661F78200A0047CA83 /* TestCategoryCell.m in Sources */,
				D93BD16E1F78200A0047CA83 /* UIColor+Utility.m in Sources */,
				D93BD17F1F7820150047CA83 /* Question.m in Sources */,
				D93BD1681F78200A0047CA83 /* AnswerViewController.m in Sources */,
				D93BD15E1F78200A0047CA83 /* AnswersInputViewController.m in Sources */,
				D93BD1671F78200A0047CA83 /* TestFillTableViewCell.m in Sources */,
				D93BD17C1F7820150047CA83 /* TestCalculation.m in Sources */,
				D93BD17E1F7820150047CA83 /* Choice.m in Sources */,
				D93BD15F1F78200A0047CA83 /* CategoryInputViewController.m in Sources */,
				D93BD1631F78200A0047CA83 /* ChoiceTableViewCell.m in Sources */,
				D93BD1611F78200A0047CA83 /* TestInsertionViewController.m in Sources */,
				D93BD16A1F78200A0047CA83 /* LoginViewController.m in Sources */,
				D93BD17D1F7820150047CA83 /* Answer.m in Sources */,
				D93BD1691F78200A0047CA83 /* HomeViewController.m in Sources */,
				D93BD16C1F78200A0047CA83 /* TestSubCategoryViewController.m in Sources */,
				D93BD1651F78200A0047CA83 /* SubCategoryCell.m in Sources */,
				D93BD1641F78200A0047CA83 /* LoveCell.m in Sources */,
				D95816E61EA7C7620059CC51 /* TestMe.xcdatamodeld in Sources */,
				D93BD1621F78200A0047CA83 /* TestQuestionInputViewController.m in Sources */,
				D93BD16D1F78200A0047CA83 /* ViewController.m in Sources */,
				D95816DD1EA7C7620059CC51 /* AppDelegate.m in Sources */,
				D93BD16B1F78200A0047CA83 /* LoveViewController.m in Sources */,
				D95816DA1EA7C7620059CC51 /* main.m in Sources */,
				D93BD1601F78200A0047CA83 /* TestFillingViewController.m in Sources */,
				D93BD1801F7820150047CA83 /* RLMTestPackage.m in Sources */,
			);
			runOnlyForDeploymentPostprocessing = 0;
		};
/* End PBXSourcesBuildPhase section */

/* Begin PBXVariantGroup section */
		D95816E11EA7C7620059CC51 /* Main.storyboard */ = {
			isa = PBXVariantGroup;
			children = (
				D95816E21EA7C7620059CC51 /* Base */,
			);
			name = Main.storyboard;
			sourceTree = "<group>";
		};
		D95816E91EA7C7620059CC51 /* LaunchScreen.storyboard */ = {
			isa = PBXVariantGroup;
			children = (
				D95816EA1EA7C7620059CC51 /* Base */,
			);
			name = LaunchScreen.storyboard;
			sourceTree = "<group>";
		};
/* End PBXVariantGroup section */

/* Begin XCBuildConfiguration section */
		D95816ED1EA7C7620059CC51 /* Debug */ = {
			isa = XCBuildConfiguration;
			buildSettings = {
				ALWAYS_SEARCH_USER_PATHS = NO;
				CLANG_ANALYZER_NONNULL = YES;
				CLANG_CXX_LANGUAGE_STANDARD = "gnu++0x";
				CLANG_CXX_LIBRARY = "libc++";
				CLANG_ENABLE_MODULES = YES;
				CLANG_ENABLE_OBJC_ARC = YES;
				CLANG_WARN_BOOL_CONVERSION = YES;
				CLANG_WARN_CONSTANT_CONVERSION = YES;
				CLANG_WARN_DIRECT_OBJC_ISA_USAGE = YES_ERROR;
				CLANG_WARN_DOCUMENTATION_COMMENTS = YES;
				CLANG_WARN_EMPTY_BODY = YES;
				CLANG_WARN_ENUM_CONVERSION = YES;
				CLANG_WARN_INFINITE_RECURSION = YES;
				CLANG_WARN_INT_CONVERSION = YES;
				CLANG_WARN_OBJC_ROOT_CLASS = YES_ERROR;
				CLANG_WARN_SUSPICIOUS_MOVE = YES;
				CLANG_WARN_SUSPICIOUS_MOVES = YES;
				CLANG_WARN_UNREACHABLE_CODE = YES;
				CLANG_WARN__DUPLICATE_METHOD_MATCH = YES;
				"CODE_SIGN_IDENTITY[sdk=iphoneos*]" = "iPhone Developer";
				COPY_PHASE_STRIP = NO;
				DEBUG_INFORMATION_FORMAT = dwarf;
				ENABLE_STRICT_OBJC_MSGSEND = YES;
				ENABLE_TESTABILITY = YES;
				GCC_C_LANGUAGE_STANDARD = gnu99;
				GCC_DYNAMIC_NO_PIC = NO;
				GCC_NO_COMMON_BLOCKS = YES;
				GCC_OPTIMIZATION_LEVEL = 0;
				GCC_PREPROCESSOR_DEFINITIONS = (
					"DEBUG=1",
					"$(inherited)",
				);
				GCC_WARN_64_TO_32_BIT_CONVERSION = YES;
				GCC_WARN_ABOUT_RETURN_TYPE = YES_ERROR;
				GCC_WARN_UNDECLARED_SELECTOR = YES;
				GCC_WARN_UNINITIALIZED_AUTOS = YES_AGGRESSIVE;
				GCC_WARN_UNUSED_FUNCTION = YES;
				GCC_WARN_UNUSED_VARIABLE = YES;
				IPHONEOS_DEPLOYMENT_TARGET = 10.0;
				MTL_ENABLE_DEBUG_INFO = YES;
				ONLY_ACTIVE_ARCH = YES;
				SDKROOT = iphoneos;
			};
			name = Debug;
		};
		D95816EE1EA7C7620059CC51 /* Release */ = {
			isa = XCBuildConfiguration;
			buildSettings = {
				ALWAYS_SEARCH_USER_PATHS = NO;
				CLANG_ANALYZER_NONNULL = YES;
				CLANG_CXX_LANGUAGE_STANDARD = "gnu++0x";
				CLANG_CXX_LIBRARY = "libc++";
				CLANG_ENABLE_MODULES = YES;
				CLANG_ENABLE_OBJC_ARC = YES;
				CLANG_WARN_BOOL_CONVERSION = YES;
				CLANG_WARN_CONSTANT_CONVERSION = YES;
				CLANG_WARN_DIRECT_OBJC_ISA_USAGE = YES_ERROR;
				CLANG_WARN_DOCUMENTATION_COMMENTS = YES;
				CLANG_WARN_EMPTY_BODY = YES;
				CLANG_WARN_ENUM_CONVERSION = YES;
				CLANG_WARN_INFINITE_RECURSION = YES;
				CLANG_WARN_INT_CONVERSION = YES;
				CLANG_WARN_OBJC_ROOT_CLASS = YES_ERROR;
				CLANG_WARN_SUSPICIOUS_MOVE = YES;
				CLANG_WARN_SUSPICIOUS_MOVES = YES;
				CLANG_WARN_UNREACHABLE_CODE = YES;
				CLANG_WARN__DUPLICATE_METHOD_MATCH = YES;
				"CODE_SIGN_IDENTITY[sdk=iphoneos*]" = "iPhone Developer";
				COPY_PHASE_STRIP = NO;
				DEBUG_INFORMATION_FORMAT = "dwarf-with-dsym";
				ENABLE_NS_ASSERTIONS = NO;
				ENABLE_STRICT_OBJC_MSGSEND = YES;
				GCC_C_LANGUAGE_STANDARD = gnu99;
				GCC_NO_COMMON_BLOCKS = YES;
				GCC_WARN_64_TO_32_BIT_CONVERSION = YES;
				GCC_WARN_ABOUT_RETURN_TYPE = YES_ERROR;
				GCC_WARN_UNDECLARED_SELECTOR = YES;
				GCC_WARN_UNINITIALIZED_AUTOS = YES_AGGRESSIVE;
				GCC_WARN_UNUSED_FUNCTION = YES;
				GCC_WARN_UNUSED_VARIABLE = YES;
				IPHONEOS_DEPLOYMENT_TARGET = 10.0;
				MTL_ENABLE_DEBUG_INFO = NO;
				SDKROOT = iphoneos;
				VALIDATE_PRODUCT = YES;
			};
			name = Release;
		};
		D95816F01EA7C7620059CC51 /* Debug */ = {
			isa = XCBuildConfiguration;
			baseConfigurationReference = 6D8B1E03A0D3227948E08C16 /* Pods-TestMe.debug.xcconfig */;
			buildSettings = {
				ASSETCATALOG_COMPILER_APPICON_NAME = AppIcon;
				DEVELOPMENT_TEAM = MBY5GUBKXK;
				INFOPLIST_FILE = TestMe/Info.plist;
				IPHONEOS_DEPLOYMENT_TARGET = 10.0;
				LD_RUNPATH_SEARCH_PATHS = "$(inherited) @executable_path/Frameworks";
				PRODUCT_BUNDLE_IDENTIFIER = "Vahan-Grigoryan.TestMe";
				PRODUCT_NAME = "$(TARGET_NAME)";
			};
			name = Debug;
		};
		D95816F11EA7C7620059CC51 /* Release */ = {
			isa = XCBuildConfiguration;
			baseConfigurationReference = 92BD848488CF9A2492462BBC /* Pods-TestMe.release.xcconfig */;
			buildSettings = {
				ASSETCATALOG_COMPILER_APPICON_NAME = AppIcon;
				DEVELOPMENT_TEAM = MBY5GUBKXK;
				INFOPLIST_FILE = TestMe/Info.plist;
				IPHONEOS_DEPLOYMENT_TARGET = 10.0;
				LD_RUNPATH_SEARCH_PATHS = "$(inherited) @executable_path/Frameworks";
				PRODUCT_BUNDLE_IDENTIFIER = "Vahan-Grigoryan.TestMe";
				PRODUCT_NAME = "$(TARGET_NAME)";
			};
			name = Release;
		};
/* End XCBuildConfiguration section */

/* Begin XCConfigurationList section */
		D95816D01EA7C7620059CC51 /* Build configuration list for PBXProject "TestMe" */ = {
			isa = XCConfigurationList;
			buildConfigurations = (
				D95816ED1EA7C7620059CC51 /* Debug */,
				D95816EE1EA7C7620059CC51 /* Release */,
			);
			defaultConfigurationIsVisible = 0;
			defaultConfigurationName = Release;
		};
		D95816EF1EA7C7620059CC51 /* Build configuration list for PBXNativeTarget "TestMe" */ = {
			isa = XCConfigurationList;
			buildConfigurations = (
				D95816F01EA7C7620059CC51 /* Debug */,
				D95816F11EA7C7620059CC51 /* Release */,
			);
			defaultConfigurationIsVisible = 0;
			defaultConfigurationName = Release;
		};
/* End XCConfigurationList section */

/* Begin XCVersionGroup section */
		D95816E41EA7C7620059CC51 /* TestMe.xcdatamodeld */ = {
			isa = XCVersionGroup;
			children = (
				D95816E51EA7C7620059CC51 /* TestMe.xcdatamodel */,
			);
			currentVersion = D95816E51EA7C7620059CC51 /* TestMe.xcdatamodel */;
			path = TestMe.xcdatamodeld;
			sourceTree = "<group>";
			versionGroupType = wrapper.xcdatamodel;
		};
/* End XCVersionGroup section */
	};
	rootObject = D95816CD1EA7C7620059CC51 /* Project object */;
}
